
Microsoft Visual Studio Solution File, Format Version 12.00
# Visual Studio Version 17
VisualStudioVersion = 17.4.33403.182
MinimumVisualStudioVersion = 10.0.40219.1
Project("{2150E333-8FDC-42A3-9474-1A3956D46DE8}") = "src", "src", "{7750F456-0837-41F4-9070-F3A131F4FBD7}"
EndProject
Project("{2150E333-8FDC-42A3-9474-1A3956D46DE8}") = "test", "test", "{9D6E8849-3CFA-4866-92DE-5655701C16AF}"
EndProject
Project("{2150E333-8FDC-42A3-9474-1A3956D46DE8}") = "UI", "UI", "{6EDF1F33-FDB2-46CF-9D37-B9B38801D686}"
EndProject
Project("{2150E333-8FDC-42A3-9474-1A3956D46DE8}") = "Core", "Core", "{ECA5D7E8-5489-4A2B-A016-3F75A3B12FDB}"
EndProject
Project("{2150E333-8FDC-42A3-9474-1A3956D46DE8}") = "Infrastructure", "Infrastructure", "{473ED858-3B82-4B34-846D-8E253AF0997B}"
EndProject
Project("{2150E333-8FDC-42A3-9474-1A3956D46DE8}") = "API", "API", "{BA255585-7F44-4B6D-BBD7-1FFE570C5220}"
EndProject
Project("{9A19103F-16F7-4668-BE54-9A1E7A4F7556}") = "HR.LeaveManagement.Domain", "HR.LeaveManagement.Domain\HR.LeaveManagement.Domain.csproj", "{548B6080-4B27-4A11-8DFB-E1B470923E6C}"
EndProject
Project("{9A19103F-16F7-4668-BE54-9A1E7A4F7556}") = "HR.LeaveManagement.Application", "HR.LeaveManagement.Application\HR.LeaveManagement.Application.csproj", "{86FE9135-6099-47DC-A28B-0CB07DC089DE}"
EndProject
Project("{9A19103F-16F7-4668-BE54-9A1E7A4F7556}") = "HR.LeaveManagement.Persistence", "HR.LeaveManagement.Persistence\HR.LeaveManagement.Persistence.csproj", "{88D64D86-F16B-453E-AF1F-EB762D676170}"
EndProject
Project("{9A19103F-16F7-4668-BE54-9A1E7A4F7556}") = "HR.LeaveManagement.Infrastructure", "HR.LeaveManagement.Infrastructure\HR.LeaveManagement.Infrastructure.csproj", "{AD56D02B-CCFA-45CE-BEBD-676DEB830DA8}"
EndProject
Project("{9A19103F-16F7-4668-BE54-9A1E7A4F7556}") = "HR.LeaveManagement.Api", "HR.LeaveManagement.Api\HR.LeaveManagement.Api.csproj", "{3E55008D-F67A-46AA-97D6-A47F234BC6A4}"
EndProject
Project("{9A19103F-16F7-4668-BE54-9A1E7A4F7556}") = "HR.LeaveManagement.Application.UnitTests", "HR.LeaveManagement.Application.UnitTests\HR.LeaveManagement.Application.UnitTests.csproj", "{BBC13847-EB2B-4363-8C91-F6294F42426C}"
EndProject
Project("{9A19103F-16F7-4668-BE54-9A1E7A4F7556}") = "HR.LeaveManagement.Persistence.IntegrationTests", "HR.LeaveManagement.Persistence.IntegrationTests\HR.LeaveManagement.Persistence.IntegrationTests.csproj", "{BFA5782D-2A73-445B-B5E0-C46632367EF7}"
EndProject
Project("{9A19103F-16F7-4668-BE54-9A1E7A4F7556}") = "HR.LeaveManagement.BlazorUI", "HR.LeaveManagement.BlazorUI\HR.LeaveManagement.BlazorUI.csproj", "{356FCD69-6A25-46D8-8E49-1C19D53F5DD7}"
EndProject
Global
	GlobalSection(SolutionConfigurationPlatforms) = preSolution
		Debug|Any CPU = Debug|Any CPU
		Release|Any CPU = Release|Any CPU
	EndGlobalSection
	GlobalSection(ProjectConfigurationPlatforms) = postSolution
		{548B6080-4B27-4A11-8DFB-E1B470923E6C}.Debug|Any CPU.ActiveCfg = Debug|Any CPU
		{548B6080-4B27-4A11-8DFB-E1B470923E6C}.Debug|Any CPU.Build.0 = Debug|Any CPU
		{548B6080-4B27-4A11-8DFB-E1B470923E6C}.Release|Any CPU.ActiveCfg = Release|Any CPU
		{548B6080-4B27-4A11-8DFB-E1B470923E6C}.Release|Any CPU.Build.0 = Release|Any CPU
		{86FE9135-6099-47DC-A28B-0CB07DC089DE}.Debug|Any CPU.ActiveCfg = Debug|Any CPU
		{86FE9135-6099-47DC-A28B-0CB07DC089DE}.Debug|Any CPU.Build.0 = Debug|Any CPU
		{86FE9135-6099-47DC-A28B-0CB07DC089DE}.Release|Any CPU.ActiveCfg = Release|Any CPU
		{86FE9135-6099-47DC-A28B-0CB07DC089DE}.Release|Any CPU.Build.0 = Release|Any CPU
		{88D64D86-F16B-453E-AF1F-EB762D676170}.Debug|Any CPU.ActiveCfg = Debug|Any CPU
		{88D64D86-F16B-453E-AF1F-EB762D676170}.Debug|Any CPU.Build.0 = Debug|Any CPU
		{88D64D86-F16B-453E-AF1F-EB762D676170}.Release|Any CPU.ActiveCfg = Release|Any CPU
		{88D64D86-F16B-453E-AF1F-EB762D676170}.Release|Any CPU.Build.0 = Release|Any CPU
		{AD56D02B-CCFA-45CE-BEBD-676DEB830DA8}.Debug|Any CPU.ActiveCfg = Debug|Any CPU
		{AD56D02B-CCFA-45CE-BEBD-676DEB830DA8}.Debug|Any CPU.Build.0 = Debug|Any CPU
		{AD56D02B-CCFA-45CE-BEBD-676DEB830DA8}.Release|Any CPU.ActiveCfg = Release|Any CPU
		{AD56D02B-CCFA-45CE-BEBD-676DEB830DA8}.Release|Any CPU.Build.0 = Release|Any CPU
		{3E55008D-F67A-46AA-97D6-A47F234BC6A4}.Debug|Any CPU.ActiveCfg = Debug|Any CPU
		{3E55008D-F67A-46AA-97D6-A47F234BC6A4}.Debug|Any CPU.Build.0 = Debug|Any CPU
		{3E55008D-F67A-46AA-97D6-A47F234BC6A4}.Release|Any CPU.ActiveCfg = Release|Any CPU
		{3E55008D-F67A-46AA-97D6-A47F234BC6A4}.Release|Any CPU.Build.0 = Release|Any CPU
		{BBC13847-EB2B-4363-8C91-F6294F42426C}.Debug|Any CPU.ActiveCfg = Debug|Any CPU
		{BBC13847-EB2B-4363-8C91-F6294F42426C}.Debug|Any CPU.Build.0 = Debug|Any CPU
		{BBC13847-EB2B-4363-8C91-F6294F42426C}.Release|Any CPU.ActiveCfg = Release|Any CPU
		{BBC13847-EB2B-4363-8C91-F6294F42426C}.Release|Any CPU.Build.0 = Release|Any CPU
		{BFA5782D-2A73-445B-B5E0-C46632367EF7}.Debug|Any CPU.ActiveCfg = Debug|Any CPU
		{BFA5782D-2A73-445B-B5E0-C46632367EF7}.Debug|Any CPU.Build.0 = Debug|Any CPU
		{BFA5782D-2A73-445B-B5E0-C46632367EF7}.Release|Any CPU.ActiveCfg = Release|Any CPU
		{BFA5782D-2A73-445B-B5E0-C46632367EF7}.Release|Any CPU.Build.0 = Release|Any CPU
		{356FCD69-6A25-46D8-8E49-1C19D53F5DD7}.Debug|Any CPU.ActiveCfg = Debug|Any CPU
		{356FCD69-6A25-46D8-8E49-1C19D53F5DD7}.Debug|Any CPU.Build.0 = Debug|Any CPU
		{356FCD69-6A25-46D8-8E49-1C19D53F5DD7}.Release|Any CPU.ActiveCfg = Release|Any CPU
		{356FCD69-6A25-46D8-8E49-1C19D53F5DD7}.Release|Any CPU.Build.0 = Release|Any CPU
	EndGlobalSection
	GlobalSection(SolutionProperties) = preSolution
		HideSolutionNode = FALSE
	EndGlobalSection
	GlobalSection(NestedProjects) = preSolution
		{6EDF1F33-FDB2-46CF-9D37-B9B38801D686} = {7750F456-0837-41F4-9070-F3A131F4FBD7}
		{ECA5D7E8-5489-4A2B-A016-3F75A3B12FDB} = {7750F456-0837-41F4-9070-F3A131F4FBD7}
		{473ED858-3B82-4B34-846D-8E253AF0997B} = {7750F456-0837-41F4-9070-F3A131F4FBD7}
		{BA255585-7F44-4B6D-BBD7-1FFE570C5220} = {7750F456-0837-41F4-9070-F3A131F4FBD7}
		{548B6080-4B27-4A11-8DFB-E1B470923E6C} = {ECA5D7E8-5489-4A2B-A016-3F75A3B12FDB}
		{86FE9135-6099-47DC-A28B-0CB07DC089DE} = {ECA5D7E8-5489-4A2B-A016-3F75A3B12FDB}
		{88D64D86-F16B-453E-AF1F-EB762D676170} = {473ED858-3B82-4B34-846D-8E253AF0997B}
		{AD56D02B-CCFA-45CE-BEBD-676DEB830DA8} = {473ED858-3B82-4B34-846D-8E253AF0997B}
		{3E55008D-F67A-46AA-97D6-A47F234BC6A4} = {BA255585-7F44-4B6D-BBD7-1FFE570C5220}
		{BBC13847-EB2B-4363-8C91-F6294F42426C} = {9D6E8849-3CFA-4866-92DE-5655701C16AF}
		{BFA5782D-2A73-445B-B5E0-C46632367EF7} = {9D6E8849-3CFA-4866-92DE-5655701C16AF}
		{356FCD69-6A25-46D8-8E49-1C19D53F5DD7} = {6EDF1F33-FDB2-46CF-9D37-B9B38801D686}
	EndGlobalSection
	GlobalSection(ExtensibilityGlobals) = postSolution
		SolutionGuid = {2EC11302-78E5-41A2-A47C-7CFB61C65C6F}
	EndGlobalSection
EndGlobal
